// !$*UTF8*$!
{
	archiveVersion = 1;
	classes = {
	};
	objectVersion = 77;
	objects = {

/* Begin PBXBuildFile section */
		35D11A732CE3C3FA008F78EB /* PokemonAPI in Frameworks */ = {isa = PBXBuildFile; productRef = 35D11A722CE3C3FA008F78EB /* PokemonAPI */; };
/* End PBXBuildFile section */

/* Begin PBXContainerItemProxy section */
		35B94EA22CE3B330006A8805 /* PBXContainerItemProxy */ = {
			isa = PBXContainerItemProxy;
			containerPortal = 35B94E892CE3B32E006A8805 /* Project object */;
			proxyType = 1;
			remoteGlobalIDString = 35B94E902CE3B32E006A8805;
			remoteInfo = "PokédexApp";
		};
		35B94EAC2CE3B330006A8805 /* PBXContainerItemProxy */ = {
			isa = PBXContainerItemProxy;
			containerPortal = 35B94E892CE3B32E006A8805 /* Project object */;
			proxyType = 1;
			remoteGlobalIDString = 35B94E902CE3B32E006A8805;
			remoteInfo = "PokédexApp";
		};
/* End PBXContainerItemProxy section */

/* Begin PBXFileReference section */
		35B94E912CE3B32E006A8805 /* PokédexApp.app */ = {isa = PBXFileReference; explicitFileType = wrapper.application; includeInIndex = 0; path = "PokédexApp.app"; sourceTree = BUILT_PRODUCTS_DIR; };
		35B94EA12CE3B330006A8805 /* PokédexAppTests.xctest */ = {isa = PBXFileReference; explicitFileType = wrapper.cfbundle; includeInIndex = 0; path = "PokédexAppTests.xctest"; sourceTree = BUILT_PRODUCTS_DIR; };
		35B94EAB2CE3B330006A8805 /* PokédexAppUITests.xctest */ = {isa = PBXFileReference; explicitFileType = wrapper.cfbundle; includeInIndex = 0; path = "PokédexAppUITests.xctest"; sourceTree = BUILT_PRODUCTS_DIR; };
/* End PBXFileReference section */

/* Begin PBXFileSystemSynchronizedRootGroup section */
		35B94E932CE3B32E006A8805 /* PokédexApp */ = {
			isa = PBXFileSystemSynchronizedRootGroup;
			path = "PokédexApp";
			sourceTree = "<group>";
		};
		35B94EA42CE3B330006A8805 /* PokédexAppTests */ = {
			isa = PBXFileSystemSynchronizedRootGroup;
			path = "PokédexAppTests";
			sourceTree = "<group>";
		};
		35B94EAE2CE3B330006A8805 /* PokédexAppUITests */ = {
			isa = PBXFileSystemSynchronizedRootGroup;
			path = "PokédexAppUITests";
			sourceTree = "<group>";
		};
		35B94EEE2CE3B6F9006A8805 /* Animations */ = {
			isa = PBXFileSystemSynchronizedRootGroup;
			path = Animations;
			sourceTree = "<group>";
		};
		35B94F102CE3B71A006A8805 /* Models */ = {
			isa = PBXFileSystemSynchronizedRootGroup;
			path = Models;
			sourceTree = "<group>";
		};
		35B94F1D2CE3B71D006A8805 /* Views */ = {
			isa = PBXFileSystemSynchronizedRootGroup;
			path = Views;
			sourceTree = "<group>";
		};
		35B94F292CE3B720006A8805 /* ViewModels */ = {
			isa = PBXFileSystemSynchronizedRootGroup;
			path = ViewModels;
			sourceTree = "<group>";
		};
/* End PBXFileSystemSynchronizedRootGroup section */

/* Begin PBXFrameworksBuildPhase section */
		35B94E8E2CE3B32E006A8805 /* Frameworks */ = {
			isa = PBXFrameworksBuildPhase;
			buildActionMask = 2147483647;
			files = (
				35D11A732CE3C3FA008F78EB /* PokemonAPI in Frameworks */,
			);
			runOnlyForDeploymentPostprocessing = 0;
		};
		35B94E9E2CE3B330006A8805 /* Frameworks */ = {
			isa = PBXFrameworksBuildPhase;
			buildActionMask = 2147483647;
			files = (
			);
			runOnlyForDeploymentPostprocessing = 0;
		};
		35B94EA82CE3B330006A8805 /* Frameworks */ = {
			isa = PBXFrameworksBuildPhase;
			buildActionMask = 2147483647;
			files = (
			);
			runOnlyForDeploymentPostprocessing = 0;
		};
/* End PBXFrameworksBuildPhase section */

/* Begin PBXGroup section */
		35B94E882CE3B32E006A8805 = {
			isa = PBXGroup;
			children = (
				35B94E932CE3B32E006A8805 /* PokédexApp */,
				35B94EA42CE3B330006A8805 /* PokédexAppTests */,
				35B94EAE2CE3B330006A8805 /* PokédexAppUITests */,
				35B94E922CE3B32E006A8805 /* Products */,
				35B94EEE2CE3B6F9006A8805 /* Animations */,
				35B94F102CE3B71A006A8805 /* Models */,
				35B94F292CE3B720006A8805 /* ViewModels */,
				35B94F1D2CE3B71D006A8805 /* Views */,
			);
			sourceTree = "<group>";
		};
		35B94E922CE3B32E006A8805 /* Products */ = {
			isa = PBXGroup;
			children = (
				35B94E912CE3B32E006A8805 /* PokédexApp.app */,
				35B94EA12CE3B330006A8805 /* PokédexAppTests.xctest */,
				35B94EAB2CE3B330006A8805 /* PokédexAppUITests.xctest */,
			);
			name = Products;
			sourceTree = "<group>";
		};
/* End PBXGroup section */

/* Begin PBXNativeTarget section */
		35B94E902CE3B32E006A8805 /* PokédexApp */ = {
			isa = PBXNativeTarget;
			buildConfigurationList = 35B94EB52CE3B330006A8805 /* Build configuration list for PBXNativeTarget "PokédexApp" */;
			buildPhases = (
				35B94E8D2CE3B32E006A8805 /* Sources */,
				35B94E8E2CE3B32E006A8805 /* Frameworks */,
				35B94E8F2CE3B32E006A8805 /* Resources */,
			);
			buildRules = (
			);
			dependencies = (
			);
			fileSystemSynchronizedGroups = (
				35B94E932CE3B32E006A8805 /* PokédexApp */,
				35B94EEE2CE3B6F9006A8805 /* Animations */,
				35B94F102CE3B71A006A8805 /* Models */,
				35B94F1D2CE3B71D006A8805 /* Views */,
				35B94F292CE3B720006A8805 /* ViewModels */,
			);
			name = "PokédexApp";
			packageProductDependencies = (
				35D11A722CE3C3FA008F78EB /* PokemonAPI */,
			);
			productName = "PokédexApp";
			productReference = 35B94E912CE3B32E006A8805 /* PokédexApp.app */;
			productType = "com.apple.product-type.application";
		};
		35B94EA02CE3B330006A8805 /* PokédexAppTests */ = {
			isa = PBXNativeTarget;
			buildConfigurationList = 35B94EB82CE3B330006A8805 /* Build configuration list for PBXNativeTarget "PokédexAppTests" */;
			buildPhases = (
				35B94E9D2CE3B330006A8805 /* Sources */,
				35B94E9E2CE3B330006A8805 /* Frameworks */,
				35B94E9F2CE3B330006A8805 /* Resources */,
			);
			buildRules = (
			);
			dependencies = (
				35B94EA32CE3B330006A8805 /* PBXTargetDependency */,
			);
			fileSystemSynchronizedGroups = (
				35B94EA42CE3B330006A8805 /* PokédexAppTests */,
			);
			name = "PokédexAppTests";
			packageProductDependencies = (
			);
			productName = "PokédexAppTests";
			productReference = 35B94EA12CE3B330006A8805 /* PokédexAppTests.xctest */;
			productType = "com.apple.product-type.bundle.unit-test";
		};
		35B94EAA2CE3B330006A8805 /* PokédexAppUITests */ = {
			isa = PBXNativeTarget;
			buildConfigurationList = 35B94EBB2CE3B330006A8805 /* Build configuration list for PBXNativeTarget "PokédexAppUITests" */;
			buildPhases = (
				35B94EA72CE3B330006A8805 /* Sources */,
				35B94EA82CE3B330006A8805 /* Frameworks */,
				35B94EA92CE3B330006A8805 /* Resources */,
			);
			buildRules = (
			);
			dependencies = (
				35B94EAD2CE3B330006A8805 /* PBXTargetDependency */,
			);
			fileSystemSynchronizedGroups = (
				35B94EAE2CE3B330006A8805 /* PokédexAppUITests */,
			);
			name = "PokédexAppUITests";
			packageProductDependencies = (
			);
			productName = "PokédexAppUITests";
			productReference = 35B94EAB2CE3B330006A8805 /* PokédexAppUITests.xctest */;
			productType = "com.apple.product-type.bundle.ui-testing";
		};
/* End PBXNativeTarget section */

/* Begin PBXProject section */
		35B94E892CE3B32E006A8805 /* Project object */ = {
			isa = PBXProject;
			attributes = {
				BuildIndependentTargetsInParallel = 1;
				LastSwiftUpdateCheck = 1600;
				LastUpgradeCheck = 1600;
				TargetAttributes = {
					35B94E902CE3B32E006A8805 = {
						CreatedOnToolsVersion = 16.0;
					};
					35B94EA02CE3B330006A8805 = {
						CreatedOnToolsVersion = 16.0;
						TestTargetID = 35B94E902CE3B32E006A8805;
					};
					35B94EAA2CE3B330006A8805 = {
						CreatedOnToolsVersion = 16.0;
						TestTargetID = 35B94E902CE3B32E006A8805;
					};
				};
			};
			buildConfigurationList = 35B94E8C2CE3B32E006A8805 /* Build configuration list for PBXProject "PokédexApp" */;
			developmentRegion = en;
			hasScannedForEncodings = 0;
			knownRegions = (
				en,
				Base,
			);
			mainGroup = 35B94E882CE3B32E006A8805;
			minimizedProjectReferenceProxies = 1;
			packageReferences = (
				35D11A712CE3C3FA008F78EB /* XCRemoteSwiftPackageReference "PokemonAPI" */,
			);
			preferredProjectObjectVersion = 77;
			productRefGroup = 35B94E922CE3B32E006A8805 /* Products */;
			projectDirPath = "";
			projectRoot = "";
			targets = (
				35B94E902CE3B32E006A8805 /* PokédexApp */,
				35B94EA02CE3B330006A8805 /* PokédexAppTests */,
				35B94EAA2CE3B330006A8805 /* PokédexAppUITests */,
			);
		};
/* End PBXProject section */

/* Begin PBXResourcesBuildPhase section */
		35B94E8F2CE3B32E006A8805 /* Resources */ = {
			isa = PBXResourcesBuildPhase;
			buildActionMask = 2147483647;
			files = (
			);
			runOnlyForDeploymentPostprocessing = 0;
		};
		35B94E9F2CE3B330006A8805 /* Resources */ = {
			isa = PBXResourcesBuildPhase;
			buildActionMask = 2147483647;
			files = (
			);
			runOnlyForDeploymentPostprocessing = 0;
		};
		35B94EA92CE3B330006A8805 /* Resources */ = {
			isa = PBXResourcesBuildPhase;
			buildActionMask = 2147483647;
			files = (
			);
			runOnlyForDeploymentPostprocessing = 0;
		};
/* End PBXResourcesBuildPhase section */

/* Begin PBXSourcesBuildPhase section */
		35B94E8D2CE3B32E006A8805 /* Sources */ = {
			isa = PBXSourcesBuildPhase;
			buildActionMask = 2147483647;
			files = (
			);
			runOnlyForDeploymentPostprocessing = 0;
		};
		35B94E9D2CE3B330006A8805 /* Sources */ = {
			isa = PBXSourcesBuildPhase;
			buildActionMask = 2147483647;
			files = (
			);
			runOnlyForDeploymentPostprocessing = 0;
		};
		35B94EA72CE3B330006A8805 /* Sources */ = {
			isa = PBXSourcesBuildPhase;
			buildActionMask = 2147483647;
			files = (
			);
			runOnlyForDeploymentPostprocessing = 0;
		};
/* End PBXSourcesBuildPhase section */

/* Begin PBXTargetDependency section */
		35B94EA32CE3B330006A8805 /* PBXTargetDependency */ = {
			isa = PBXTargetDependency;
			target = 35B94E902CE3B32E006A8805 /* PokédexApp */;
			targetProxy = 35B94EA22CE3B330006A8805 /* PBXContainerItemProxy */;
		};
		35B94EAD2CE3B330006A8805 /* PBXTargetDependency */ = {
			isa = PBXTargetDependency;
			target = 35B94E902CE3B32E006A8805 /* PokédexApp */;
			targetProxy = 35B94EAC2CE3B330006A8805 /* PBXContainerItemProxy */;
		};
/* End PBXTargetDependency section */

/* Begin XCBuildConfiguration section */
		35B94EB32CE3B330006A8805 /* Debug */ = {
			isa = XCBuildConfiguration;
			buildSettings = {
				ALWAYS_SEARCH_USER_PATHS = NO;
				ASSETCATALOG_COMPILER_GENERATE_SWIFT_ASSET_SYMBOL_EXTENSIONS = YES;
				CLANG_ANALYZER_NONNULL = YES;
				CLANG_ANALYZER_NUMBER_OBJECT_CONVERSION = YES_AGGRESSIVE;
				CLANG_CXX_LANGUAGE_STANDARD = "gnu++20";
				CLANG_ENABLE_MODULES = YES;
				CLANG_ENABLE_OBJC_ARC = YES;
				CLANG_ENABLE_OBJC_WEAK = YES;
				CLANG_WARN_BLOCK_CAPTURE_AUTORELEASING = YES;
				CLANG_WARN_BOOL_CONVERSION = YES;
				CLANG_WARN_COMMA = YES;
				CLANG_WARN_CONSTANT_CONVERSION = YES;
				CLANG_WARN_DEPRECATED_OBJC_IMPLEMENTATIONS = YES;
				CLANG_WARN_DIRECT_OBJC_ISA_USAGE = YES_ERROR;
				CLANG_WARN_DOCUMENTATION_COMMENTS = YES;
				CLANG_WARN_EMPTY_BODY = YES;
				CLANG_WARN_ENUM_CONVERSION = YES;
				CLANG_WARN_INFINITE_RECURSION = YES;
				CLANG_WARN_INT_CONVERSION = YES;
				CLANG_WARN_NON_LITERAL_NULL_CONVERSION = YES;
				CLANG_WARN_OBJC_IMPLICIT_RETAIN_SELF = YES;
				CLANG_WARN_OBJC_LITERAL_CONVERSION = YES;
				CLANG_WARN_OBJC_ROOT_CLASS = YES_ERROR;
				CLANG_WARN_QUOTED_INCLUDE_IN_FRAMEWORK_HEADER = YES;
				CLANG_WARN_RANGE_LOOP_ANALYSIS = YES;
				CLANG_WARN_STRICT_PROTOTYPES = YES;
				CLANG_WARN_SUSPICIOUS_MOVE = YES;
				CLANG_WARN_UNGUARDED_AVAILABILITY = YES_AGGRESSIVE;
				CLANG_WARN_UNREACHABLE_CODE = YES;
				CLANG_WARN__DUPLICATE_METHOD_MATCH = YES;
				COPY_PHASE_STRIP = NO;
				DEBUG_INFORMATION_FORMAT = dwarf;
				ENABLE_STRICT_OBJC_MSGSEND = YES;
				ENABLE_TESTABILITY = YES;
				ENABLE_USER_SCRIPT_SANDBOXING = YES;
				GCC_C_LANGUAGE_STANDARD = gnu17;
				GCC_DYNAMIC_NO_PIC = NO;
				GCC_NO_COMMON_BLOCKS = YES;
				GCC_OPTIMIZATION_LEVEL = 0;
				GCC_PREPROCESSOR_DEFINITIONS = (
					"DEBUG=1",
					"$(inherited)",
				);
				GCC_WARN_64_TO_32_BIT_CONVERSION = YES;
				GCC_WARN_ABOUT_RETURN_TYPE = YES_ERROR;
				GCC_WARN_UNDECLARED_SELECTOR = YES;
				GCC_WARN_UNINITIALIZED_AUTOS = YES_AGGRESSIVE;
				GCC_WARN_UNUSED_FUNCTION = YES;
				GCC_WARN_UNUSED_VARIABLE = YES;
				IPHONEOS_DEPLOYMENT_TARGET = 18.0;
				LOCALIZATION_PREFERS_STRING_CATALOGS = YES;
				MTL_ENABLE_DEBUG_INFO = INCLUDE_SOURCE;
				MTL_FAST_MATH = YES;
				ONLY_ACTIVE_ARCH = YES;
				SDKROOT = iphoneos;
				SWIFT_ACTIVE_COMPILATION_CONDITIONS = "DEBUG $(inherited)";
				SWIFT_OPTIMIZATION_LEVEL = "-Onone";
			};
			name = Debug;
		};
		35B94EB42CE3B330006A8805 /* Release */ = {
			isa = XCBuildConfiguration;
			buildSettings = {
				ALWAYS_SEARCH_USER_PATHS = NO;
				ASSETCATALOG_COMPILER_GENERATE_SWIFT_ASSET_SYMBOL_EXTENSIONS = YES;
				CLANG_ANALYZER_NONNULL = YES;
				CLANG_ANALYZER_NUMBER_OBJECT_CONVERSION = YES_AGGRESSIVE;
				CLANG_CXX_LANGUAGE_STANDARD = "gnu++20";
				CLANG_ENABLE_MODULES = YES;
				CLANG_ENABLE_OBJC_ARC = YES;
				CLANG_ENABLE_OBJC_WEAK = YES;
				CLANG_WARN_BLOCK_CAPTURE_AUTORELEASING = YES;
				CLANG_WARN_BOOL_CONVERSION = YES;
				CLANG_WARN_COMMA = YES;
				CLANG_WARN_CONSTANT_CONVERSION = YES;
				CLANG_WARN_DEPRECATED_OBJC_IMPLEMENTATIONS = YES;
				CLANG_WARN_DIRECT_OBJC_ISA_USAGE = YES_ERROR;
				CLANG_WARN_DOCUMENTATION_COMMENTS = YES;
				CLANG_WARN_EMPTY_BODY = YES;
				CLANG_WARN_ENUM_CONVERSION = YES;
				CLANG_WARN_INFINITE_RECURSION = YES;
				CLANG_WARN_INT_CONVERSION = YES;
				CLANG_WARN_NON_LITERAL_NULL_CONVERSION = YES;
				CLANG_WARN_OBJC_IMPLICIT_RETAIN_SELF = YES;
				CLANG_WARN_OBJC_LITERAL_CONVERSION = YES;
				CLANG_WARN_OBJC_ROOT_CLASS = YES_ERROR;
				CLANG_WARN_QUOTED_INCLUDE_IN_FRAMEWORK_HEADER = YES;
				CLANG_WARN_RANGE_LOOP_ANALYSIS = YES;
				CLANG_WARN_STRICT_PROTOTYPES = YES;
				CLANG_WARN_SUSPICIOUS_MOVE = YES;
				CLANG_WARN_UNGUARDED_AVAILABILITY = YES_AGGRESSIVE;
				CLANG_WARN_UNREACHABLE_CODE = YES;
				CLANG_WARN__DUPLICATE_METHOD_MATCH = YES;
				COPY_PHASE_STRIP = NO;
				DEBUG_INFORMATION_FORMAT = "dwarf-with-dsym";
				ENABLE_NS_ASSERTIONS = NO;
				ENABLE_STRICT_OBJC_MSGSEND = YES;
				ENABLE_USER_SCRIPT_SANDBOXING = YES;
				GCC_C_LANGUAGE_STANDARD = gnu17;
				GCC_NO_COMMON_BLOCKS = YES;
				GCC_WARN_64_TO_32_BIT_CONVERSION = YES;
				GCC_WARN_ABOUT_RETURN_TYPE = YES_ERROR;
				GCC_WARN_UNDECLARED_SELECTOR = YES;
				GCC_WARN_UNINITIALIZED_AUTOS = YES_AGGRESSIVE;
				GCC_WARN_UNUSED_FUNCTION = YES;
				GCC_WARN_UNUSED_VARIABLE = YES;
				IPHONEOS_DEPLOYMENT_TARGET = 18.0;
				LOCALIZATION_PREFERS_STRING_CATALOGS = YES;
				MTL_ENABLE_DEBUG_INFO = NO;
				MTL_FAST_MATH = YES;
				SDKROOT = iphoneos;
				SWIFT_COMPILATION_MODE = wholemodule;
				VALIDATE_PRODUCT = YES;
			};
			name = Release;
		};
		35B94EB62CE3B330006A8805 /* Debug */ = {
			isa = XCBuildConfiguration;
			buildSettings = {
				ASSETCATALOG_COMPILER_APPICON_NAME = AppIcon;
				ASSETCATALOG_COMPILER_GLOBAL_ACCENT_COLOR_NAME = AccentColor;
				CODE_SIGN_STYLE = Automatic;
				CURRENT_PROJECT_VERSION = 1;
				DEVELOPMENT_ASSET_PATHS = "\"PokédexApp/Preview Content\"";
				ENABLE_PREVIEWS = YES;
				GENERATE_INFOPLIST_FILE = YES;
				INFOPLIST_KEY_UIApplicationSceneManifest_Generation = YES;
				INFOPLIST_KEY_UIApplicationSupportsIndirectInputEvents = YES;
				INFOPLIST_KEY_UILaunchScreen_Generation = YES;
				INFOPLIST_KEY_UISupportedInterfaceOrientations_iPad = "UIInterfaceOrientationPortrait UIInterfaceOrientationPortraitUpsideDown UIInterfaceOrientationLandscapeLeft UIInterfaceOrientationLandscapeRight";
				INFOPLIST_KEY_UISupportedInterfaceOrientations_iPhone = "UIInterfaceOrientationPortrait UIInterfaceOrientationLandscapeLeft UIInterfaceOrientationLandscapeRight";
				LD_RUNPATH_SEARCH_PATHS = (
					"$(inherited)",
					"@executable_path/Frameworks",
				);
				MARKETING_VERSION = 1.0;
				PRODUCT_BUNDLE_IDENTIFIER = "es.ual.Poke-dexApp";
				PRODUCT_NAME = "$(TARGET_NAME)";
				SWIFT_EMIT_LOC_STRINGS = YES;
				SWIFT_VERSION = 5.0;
				TARGETED_DEVICE_FAMILY = "1,2";
			};
			name = Debug;
		};
		35B94EB72CE3B330006A8805 /* Release */ = {
			isa = XCBuildConfiguration;
			buildSettings = {
				ASSETCATALOG_COMPILER_APPICON_NAME = AppIcon;
				ASSETCATALOG_COMPILER_GLOBAL_ACCENT_COLOR_NAME = AccentColor;
				CODE_SIGN_STYLE = Automatic;
				CURRENT_PROJECT_VERSION = 1;
				DEVELOPMENT_ASSET_PATHS = "\"PokédexApp/Preview Content\"";
				ENABLE_PREVIEWS = YES;
				GENERATE_INFOPLIST_FILE = YES;
				INFOPLIST_KEY_UIApplicationSceneManifest_Generation = YES;
				INFOPLIST_KEY_UIApplicationSupportsIndirectInputEvents = YES;
				INFOPLIST_KEY_UILaunchScreen_Generation = YES;
				INFOPLIST_KEY_UISupportedInterfaceOrientations_iPad = "UIInterfaceOrientationPortrait UIInterfaceOrientationPortraitUpsideDown UIInterfaceOrientationLandscapeLeft UIInterfaceOrientationLandscapeRight";
				INFOPLIST_KEY_UISupportedInterfaceOrientations_iPhone = "UIInterfaceOrientationPortrait UIInterfaceOrientationLandscapeLeft UIInterfaceOrientationLandscapeRight";
				LD_RUNPATH_SEARCH_PATHS = (
					"$(inherited)",
					"@executable_path/Frameworks",
				);
				MARKETING_VERSION = 1.0;
				PRODUCT_BUNDLE_IDENTIFIER = "es.ual.Poke-dexApp";
				PRODUCT_NAME = "$(TARGET_NAME)";
				SWIFT_EMIT_LOC_STRINGS = YES;
				SWIFT_VERSION = 5.0;
				TARGETED_DEVICE_FAMILY = "1,2";
			};
			name = Release;
		};
		35B94EB92CE3B330006A8805 /* Debug */ = {
			isa = XCBuildConfiguration;
			buildSettings = {
				BUNDLE_LOADER = "$(TEST_HOST)";
				CODE_SIGN_STYLE = Automatic;
				CURRENT_PROJECT_VERSION = 1;
				GENERATE_INFOPLIST_FILE = YES;
				IPHONEOS_DEPLOYMENT_TARGET = 18.0;
				MARKETING_VERSION = 1.0;
				PRODUCT_BUNDLE_IDENTIFIER = "es.ual.Poke-dexAppTests";
				PRODUCT_NAME = "$(TARGET_NAME)";
				SWIFT_EMIT_LOC_STRINGS = NO;
				SWIFT_VERSION = 5.0;
				TARGETED_DEVICE_FAMILY = "1,2";
				TEST_HOST = "$(BUILT_PRODUCTS_DIR)/PokédexApp.app/$(BUNDLE_EXECUTABLE_FOLDER_PATH)/PokédexApp";
			};
			name = Debug;
		};
		35B94EBA2CE3B330006A8805 /* Release */ = {
			isa = XCBuildConfiguration;
			buildSettings = {
				BUNDLE_LOADER = "$(TEST_HOST)";
				CODE_SIGN_STYLE = Automatic;
				CURRENT_PROJECT_VERSION = 1;
				GENERATE_INFOPLIST_FILE = YES;
				IPHONEOS_DEPLOYMENT_TARGET = 18.0;
				MARKETING_VERSION = 1.0;
				PRODUCT_BUNDLE_IDENTIFIER = "es.ual.Poke-dexAppTests";
				PRODUCT_NAME = "$(TARGET_NAME)";
				SWIFT_EMIT_LOC_STRINGS = NO;
				SWIFT_VERSION = 5.0;
				TARGETED_DEVICE_FAMILY = "1,2";
				TEST_HOST = "$(BUILT_PRODUCTS_DIR)/PokédexApp.app/$(BUNDLE_EXECUTABLE_FOLDER_PATH)/PokédexApp";
			};
			name = Release;
		};
		35B94EBC2CE3B330006A8805 /* Debug */ = {
			isa = XCBuildConfiguration;
			buildSettings = {
				CODE_SIGN_STYLE = Automatic;
				CURRENT_PROJECT_VERSION = 1;
				GENERATE_INFOPLIST_FILE = YES;
				MARKETING_VERSION = 1.0;
				PRODUCT_BUNDLE_IDENTIFIER = "es.ual.Poke-dexAppUITests";
				PRODUCT_NAME = "$(TARGET_NAME)";
				SWIFT_EMIT_LOC_STRINGS = NO;
				SWIFT_VERSION = 5.0;
				TARGETED_DEVICE_FAMILY = "1,2";
				TEST_TARGET_NAME = "PokédexApp";
			};
			name = Debug;
		};
		35B94EBD2CE3B330006A8805 /* Release */ = {
			isa = XCBuildConfiguration;
			buildSettings = {
				CODE_SIGN_STYLE = Automatic;
				CURRENT_PROJECT_VERSION = 1;
				GENERATE_INFOPLIST_FILE = YES;
				MARKETING_VERSION = 1.0;
				PRODUCT_BUNDLE_IDENTIFIER = "es.ual.Poke-dexAppUITests";
				PRODUCT_NAME = "$(TARGET_NAME)";
				SWIFT_EMIT_LOC_STRINGS = NO;
				SWIFT_VERSION = 5.0;
				TARGETED_DEVICE_FAMILY = "1,2";
				TEST_TARGET_NAME = "PokédexApp";
			};
			name = Release;
		};
/* End XCBuildConfiguration section */

/* Begin XCConfigurationList section */
		35B94E8C2CE3B32E006A8805 /* Build configuration list for PBXProject "PokédexApp" */ = {
			isa = XCConfigurationList;
			buildConfigurations = (
				35B94EB32CE3B330006A8805 /* Debug */,
				35B94EB42CE3B330006A8805 /* Release */,
			);
			defaultConfigurationIsVisible = 0;
			defaultConfigurationName = Release;
		};
		35B94EB52CE3B330006A8805 /* Build configuration list for PBXNativeTarget "PokédexApp" */ = {
			isa = XCConfigurationList;
			buildConfigurations = (
				35B94EB62CE3B330006A8805 /* Debug */,
				35B94EB72CE3B330006A8805 /* Release */,
			);
			defaultConfigurationIsVisible = 0;
			defaultConfigurationName = Release;
		};
		35B94EB82CE3B330006A8805 /* Build configuration list for PBXNativeTarget "PokédexAppTests" */ = {
			isa = XCConfigurationList;
			buildConfigurations = (
				35B94EB92CE3B330006A8805 /* Debug */,
				35B94EBA2CE3B330006A8805 /* Release */,
			);
			defaultConfigurationIsVisible = 0;
			defaultConfigurationName = Release;
		};
		35B94EBB2CE3B330006A8805 /* Build configuration list for PBXNativeTarget "PokédexAppUITests" */ = {
			isa = XCConfigurationList;
			buildConfigurations = (
				35B94EBC2CE3B330006A8805 /* Debug */,
				35B94EBD2CE3B330006A8805 /* Release */,
			);
			defaultConfigurationIsVisible = 0;
			defaultConfigurationName = Release;
		};
/* End XCConfigurationList section */

/* Begin XCRemoteSwiftPackageReference section */
		35D11A712CE3C3FA008F78EB /* XCRemoteSwiftPackageReference "PokemonAPI" */ = {
			isa = XCRemoteSwiftPackageReference;
			repositoryURL = "https://github.com/kinkofer/PokemonAPI";
			requirement = {
				kind = upToNextMajorVersion;
				minimumVersion = 6.1.1;
			};
		};
/* End XCRemoteSwiftPackageReference section */

/* Begin XCSwiftPackageProductDependency section */
		35D11A722CE3C3FA008F78EB /* PokemonAPI */ = {
			isa = XCSwiftPackageProductDependency;
			package = 35D11A712CE3C3FA008F78EB /* XCRemoteSwiftPackageReference "PokemonAPI" */;
			productName = PokemonAPI;
		};
/* End XCSwiftPackageProductDependency section */
	};
	rootObject = 35B94E892CE3B32E006A8805 /* Project object */;
}
